
Microsoft Visual Studio Solution File, Format Version 12.00
# Visual Studio Version 17
VisualStudioVersion = 17.13.35825.156 d17.13
MinimumVisualStudioVersion = 10.0.40219.1
Project("{FAE04EC0-301F-11D3-BF4B-00C04F79EFBC}") = "TwoSums", "TwoSums\TwoSums.csproj", "{55E28A4B-0DB3-4BA6-AA1C-0AF6910E425A}"
EndProject
Global
	GlobalSection(SolutionConfigurationPlatforms) = preSolution
		Debug|Any CPU = Debug|Any CPU
		Release|Any CPU = Release|Any CPU
	EndGlobalSection
	GlobalSection(ProjectConfigurationPlatforms) = postSolution
		{55E28A4B-0DB3-4BA6-AA1C-0AF6910E425A}.Debug|Any CPU.ActiveCfg = Debug|Any CPU
		{55E28A4B-0DB3-4BA6-AA1C-0AF6910E425A}.Debug|Any CPU.Build.0 = Debug|Any CPU
		{55E28A4B-0DB3-4BA6-AA1C-0AF6910E425A}.Release|Any CPU.ActiveCfg = Release|Any CPU
		{55E28A4B-0DB3-4BA6-AA1C-0AF6910E425A}.Release|Any CPU.Build.0 = Release|Any CPU
	EndGlobalSection
	GlobalSection(SolutionProperties) = preSolution
		HideSolutionNode = FALSE
	EndGlobalSection
	GlobalSection(ExtensibilityGlobals) = postSolution
		SolutionGuid = {4DA6B492-343E-4416-89C4-9B121FC89741}
	EndGlobalSection
EndGlobal
