
Microsoft Visual Studio Solution File, Format Version 12.00
# Visual Studio Version 17
VisualStudioVersion = 17.13.35825.156 d17.13
MinimumVisualStudioVersion = 10.0.40219.1
Project("{FAE04EC0-301F-11D3-BF4B-00C04F79EFBC}") = "ConsoleApp2", "ConsoleApp2\ConsoleApp2.csproj", "{758D451E-D599-4C61-9931-E073F04B943A}"
EndProject
Global
	GlobalSection(SolutionConfigurationPlatforms) = preSolution
		Debug|Any CPU = Debug|Any CPU
		Release|Any CPU = Release|Any CPU
	EndGlobalSection
	GlobalSection(ProjectConfigurationPlatforms) = postSolution
		{758D451E-D599-4C61-9931-E073F04B943A}.Debug|Any CPU.ActiveCfg = Debug|Any CPU
		{758D451E-D599-4C61-9931-E073F04B943A}.Debug|Any CPU.Build.0 = Debug|Any CPU
		{758D451E-D599-4C61-9931-E073F04B943A}.Release|Any CPU.ActiveCfg = Release|Any CPU
		{758D451E-D599-4C61-9931-E073F04B943A}.Release|Any CPU.Build.0 = Release|Any CPU
	EndGlobalSection
	GlobalSection(SolutionProperties) = preSolution
		HideSolutionNode = FALSE
	EndGlobalSection
	GlobalSection(ExtensibilityGlobals) = postSolution
		SolutionGuid = {9540B293-A523-4AED-8413-F0985EA7413C}
	EndGlobalSection
EndGlobal
