
Microsoft Visual Studio Solution File, Format Version 12.00
# Visual Studio Version 17
VisualStudioVersion = 17.13.35825.156 d17.13
MinimumVisualStudioVersion = 10.0.40219.1
Project("{FAE04EC0-301F-11D3-BF4B-00C04F79EFBC}") = "LinkedList_inCycle", "LinkedList_inCycle\LinkedList_inCycle.csproj", "{B0DBFB53-F683-44B6-88E4-8B4633AB87B0}"
EndProject
Global
	GlobalSection(SolutionConfigurationPlatforms) = preSolution
		Debug|Any CPU = Debug|Any CPU
		Release|Any CPU = Release|Any CPU
	EndGlobalSection
	GlobalSection(ProjectConfigurationPlatforms) = postSolution
		{B0DBFB53-F683-44B6-88E4-8B4633AB87B0}.Debug|Any CPU.ActiveCfg = Debug|Any CPU
		{B0DBFB53-F683-44B6-88E4-8B4633AB87B0}.Debug|Any CPU.Build.0 = Debug|Any CPU
		{B0DBFB53-F683-44B6-88E4-8B4633AB87B0}.Release|Any CPU.ActiveCfg = Release|Any CPU
		{B0DBFB53-F683-44B6-88E4-8B4633AB87B0}.Release|Any CPU.Build.0 = Release|Any CPU
	EndGlobalSection
	GlobalSection(SolutionProperties) = preSolution
		HideSolutionNode = FALSE
	EndGlobalSection
	GlobalSection(ExtensibilityGlobals) = postSolution
		SolutionGuid = {0564B5C5-EE1B-4770-83B2-637F6F93F91E}
	EndGlobalSection
EndGlobal
