
Microsoft Visual Studio Solution File, Format Version 12.00
# Visual Studio Version 17
VisualStudioVersion = 17.13.35825.156 d17.13
MinimumVisualStudioVersion = 10.0.40219.1
Project("{FAE04EC0-301F-11D3-BF4B-00C04F79EFBC}") = "Sorts", "Sorts\Sorts.csproj", "{CDF02EE4-010A-4B4B-A92D-DC6BE85D4BB2}"
EndProject
Global
	GlobalSection(SolutionConfigurationPlatforms) = preSolution
		Debug|Any CPU = Debug|Any CPU
		Release|Any CPU = Release|Any CPU
	EndGlobalSection
	GlobalSection(ProjectConfigurationPlatforms) = postSolution
		{CDF02EE4-010A-4B4B-A92D-DC6BE85D4BB2}.Debug|Any CPU.ActiveCfg = Debug|Any CPU
		{CDF02EE4-010A-4B4B-A92D-DC6BE85D4BB2}.Debug|Any CPU.Build.0 = Debug|Any CPU
		{CDF02EE4-010A-4B4B-A92D-DC6BE85D4BB2}.Release|Any CPU.ActiveCfg = Release|Any CPU
		{CDF02EE4-010A-4B4B-A92D-DC6BE85D4BB2}.Release|Any CPU.Build.0 = Release|Any CPU
	EndGlobalSection
	GlobalSection(SolutionProperties) = preSolution
		HideSolutionNode = FALSE
	EndGlobalSection
	GlobalSection(ExtensibilityGlobals) = postSolution
		SolutionGuid = {99CCAD2B-25C5-4FF0-B9FB-DF27B2327456}
	EndGlobalSection
EndGlobal
